// !$*UTF8*$!
{
	archiveVersion = 1;
	classes = {
	};
	objectVersion = 46;
	objects = {

/* Begin PBXBuildFile section */
		079C92601C3758D3751D4F7D /* libPods-JTConstructForIOS.a in Frameworks */ = {isa = PBXBuildFile; fileRef = BCCBF0585C5190ACA0C9200D /* libPods-JTConstructForIOS.a */; };
		6A392D4E1DE2C3B7005B18EC /* main.m in Sources */ = {isa = PBXBuildFile; fileRef = 6A392D4D1DE2C3B7005B18EC /* main.m */; };
		6A392D511DE2C3B7005B18EC /* AppDelegate.m in Sources */ = {isa = PBXBuildFile; fileRef = 6A392D501DE2C3B7005B18EC /* AppDelegate.m */; };
		6A392D571DE2C3B7005B18EC /* Main.storyboard in Resources */ = {isa = PBXBuildFile; fileRef = 6A392D551DE2C3B7005B18EC /* Main.storyboard */; };
		6A392D591DE2C3B7005B18EC /* Assets.xcassets in Resources */ = {isa = PBXBuildFile; fileRef = 6A392D581DE2C3B7005B18EC /* Assets.xcassets */; };
		6A392D5C1DE2C3B7005B18EC /* LaunchScreen.storyboard in Resources */ = {isa = PBXBuildFile; fileRef = 6A392D5A1DE2C3B7005B18EC /* LaunchScreen.storyboard */; };
		6A392D671DE2C3B7005B18EC /* JTConstructForIOSTests.m in Sources */ = {isa = PBXBuildFile; fileRef = 6A392D661DE2C3B7005B18EC /* JTConstructForIOSTests.m */; };
		6A392D721DE2C3B7005B18EC /* JTConstructForIOSUITests.m in Sources */ = {isa = PBXBuildFile; fileRef = 6A392D711DE2C3B7005B18EC /* JTConstructForIOSUITests.m */; };
		6A392D961DE2CB51005B18EC /* JTParsentViewController.m in Sources */ = {isa = PBXBuildFile; fileRef = 6A392D951DE2CB51005B18EC /* JTParsentViewController.m */; };
		6A392D9B1DE2CBB4005B18EC /* JTNavigationController.m in Sources */ = {isa = PBXBuildFile; fileRef = 6A392D9A1DE2CBB4005B18EC /* JTNavigationController.m */; };
		6A392D9E1DE2CBCC005B18EC /* JTTabBarController.m in Sources */ = {isa = PBXBuildFile; fileRef = 6A392D9D1DE2CBCC005B18EC /* JTTabBarController.m */; };
		6A392DA11DE2CFC8005B18EC /* JTTabBar.m in Sources */ = {isa = PBXBuildFile; fileRef = 6A392DA01DE2CFC8005B18EC /* JTTabBar.m */; };
		6A392DA71DE2D707005B18EC /* JTNetTool.m in Sources */ = {isa = PBXBuildFile; fileRef = 6A392DA61DE2D707005B18EC /* JTNetTool.m */; };
		6A392DAA1DE2EC73005B18EC /* JTViewModels.m in Sources */ = {isa = PBXBuildFile; fileRef = 6A392DA91DE2EC73005B18EC /* JTViewModels.m */; };
		6A392DB11DE2EE75005B18EC /* NSString+Md5.m in Sources */ = {isa = PBXBuildFile; fileRef = 6A392DAC1DE2EE75005B18EC /* NSString+Md5.m */; };
		6A392DB21DE2EE75005B18EC /* NSString+TimeStamp.m in Sources */ = {isa = PBXBuildFile; fileRef = 6A392DAE1DE2EE75005B18EC /* NSString+TimeStamp.m */; };
		6A392DB31DE2EE75005B18EC /* UIView+Size.m in Sources */ = {isa = PBXBuildFile; fileRef = 6A392DB01DE2EE75005B18EC /* UIView+Size.m */; };
		6A392DB61DE2EF40005B18EC /* JTDBManager.m in Sources */ = {isa = PBXBuildFile; fileRef = 6A392DB51DE2EF40005B18EC /* JTDBManager.m */; };
/* End PBXBuildFile section */

/* Begin PBXContainerItemProxy section */
		6A392D631DE2C3B7005B18EC /* PBXContainerItemProxy */ = {
			isa = PBXContainerItemProxy;
			containerPortal = 6A392D411DE2C3B7005B18EC /* Project object */;
			proxyType = 1;
			remoteGlobalIDString = 6A392D481DE2C3B7005B18EC;
			remoteInfo = JTConstructForIOS;
		};
		6A392D6E1DE2C3B7005B18EC /* PBXContainerItemProxy */ = {
			isa = PBXContainerItemProxy;
			containerPortal = 6A392D411DE2C3B7005B18EC /* Project object */;
			proxyType = 1;
			remoteGlobalIDString = 6A392D481DE2C3B7005B18EC;
			remoteInfo = JTConstructForIOS;
		};
/* End PBXContainerItemProxy section */

/* Begin PBXFileReference section */
		6A392D491DE2C3B7005B18EC /* JTConstructForIOS.app */ = {isa = PBXFileReference; explicitFileType = wrapper.application; includeInIndex = 0; path = JTConstructForIOS.app; sourceTree = BUILT_PRODUCTS_DIR; };
		6A392D4D1DE2C3B7005B18EC /* main.m */ = {isa = PBXFileReference; lastKnownFileType = sourcecode.c.objc; path = main.m; sourceTree = "<group>"; };
		6A392D4F1DE2C3B7005B18EC /* AppDelegate.h */ = {isa = PBXFileReference; lastKnownFileType = sourcecode.c.h; path = AppDelegate.h; sourceTree = "<group>"; };
		6A392D501DE2C3B7005B18EC /* AppDelegate.m */ = {isa = PBXFileReference; lastKnownFileType = sourcecode.c.objc; path = AppDelegate.m; sourceTree = "<group>"; };
		6A392D561DE2C3B7005B18EC /* Base */ = {isa = PBXFileReference; lastKnownFileType = file.storyboard; name = Base; path = Base.lproj/Main.storyboard; sourceTree = "<group>"; };
		6A392D581DE2C3B7005B18EC /* Assets.xcassets */ = {isa = PBXFileReference; lastKnownFileType = folder.assetcatalog; path = Assets.xcassets; sourceTree = "<group>"; };
		6A392D5B1DE2C3B7005B18EC /* Base */ = {isa = PBXFileReference; lastKnownFileType = file.storyboard; name = Base; path = Base.lproj/LaunchScreen.storyboard; sourceTree = "<group>"; };
		6A392D5D1DE2C3B7005B18EC /* Info.plist */ = {isa = PBXFileReference; lastKnownFileType = text.plist.xml; path = Info.plist; sourceTree = "<group>"; };
		6A392D621DE2C3B7005B18EC /* JTConstructForIOSTests.xctest */ = {isa = PBXFileReference; explicitFileType = wrapper.cfbundle; includeInIndex = 0; path = JTConstructForIOSTests.xctest; sourceTree = BUILT_PRODUCTS_DIR; };
		6A392D661DE2C3B7005B18EC /* JTConstructForIOSTests.m */ = {isa = PBXFileReference; lastKnownFileType = sourcecode.c.objc; path = JTConstructForIOSTests.m; sourceTree = "<group>"; };
		6A392D681DE2C3B7005B18EC /* Info.plist */ = {isa = PBXFileReference; lastKnownFileType = text.plist.xml; path = Info.plist; sourceTree = "<group>"; };
		6A392D6D1DE2C3B7005B18EC /* JTConstructForIOSUITests.xctest */ = {isa = PBXFileReference; explicitFileType = wrapper.cfbundle; includeInIndex = 0; path = JTConstructForIOSUITests.xctest; sourceTree = BUILT_PRODUCTS_DIR; };
		6A392D711DE2C3B7005B18EC /* JTConstructForIOSUITests.m */ = {isa = PBXFileReference; lastKnownFileType = sourcecode.c.objc; path = JTConstructForIOSUITests.m; sourceTree = "<group>"; };
		6A392D731DE2C3B7005B18EC /* Info.plist */ = {isa = PBXFileReference; lastKnownFileType = text.plist.xml; path = Info.plist; sourceTree = "<group>"; };
		6A392D881DE2C51A005B18EC /* PrefixHeader.pch */ = {isa = PBXFileReference; fileEncoding = 4; lastKnownFileType = sourcecode.c.h; path = PrefixHeader.pch; sourceTree = "<group>"; };
		6A392D8C1DE2CA4A005B18EC /* configuration.h */ = {isa = PBXFileReference; lastKnownFileType = sourcecode.c.h; path = configuration.h; sourceTree = "<group>"; };
		6A392D941DE2CB51005B18EC /* JTParsentViewController.h */ = {isa = PBXFileReference; fileEncoding = 4; lastKnownFileType = sourcecode.c.h; path = JTParsentViewController.h; sourceTree = "<group>"; };
		6A392D951DE2CB51005B18EC /* JTParsentViewController.m */ = {isa = PBXFileReference; fileEncoding = 4; lastKnownFileType = sourcecode.c.objc; path = JTParsentViewController.m; sourceTree = "<group>"; };
		6A392D991DE2CBB4005B18EC /* JTNavigationController.h */ = {isa = PBXFileReference; fileEncoding = 4; lastKnownFileType = sourcecode.c.h; path = JTNavigationController.h; sourceTree = "<group>"; };
		6A392D9A1DE2CBB4005B18EC /* JTNavigationController.m */ = {isa = PBXFileReference; fileEncoding = 4; lastKnownFileType = sourcecode.c.objc; path = JTNavigationController.m; sourceTree = "<group>"; };
		6A392D9C1DE2CBCC005B18EC /* JTTabBarController.h */ = {isa = PBXFileReference; fileEncoding = 4; lastKnownFileType = sourcecode.c.h; path = JTTabBarController.h; sourceTree = "<group>"; };
		6A392D9D1DE2CBCC005B18EC /* JTTabBarController.m */ = {isa = PBXFileReference; fileEncoding = 4; lastKnownFileType = sourcecode.c.objc; path = JTTabBarController.m; sourceTree = "<group>"; };
		6A392D9F1DE2CFC8005B18EC /* JTTabBar.h */ = {isa = PBXFileReference; fileEncoding = 4; lastKnownFileType = sourcecode.c.h; path = JTTabBar.h; sourceTree = "<group>"; };
		6A392DA01DE2CFC8005B18EC /* JTTabBar.m */ = {isa = PBXFileReference; fileEncoding = 4; lastKnownFileType = sourcecode.c.objc; path = JTTabBar.m; sourceTree = "<group>"; };
		6A392DA51DE2D707005B18EC /* JTNetTool.h */ = {isa = PBXFileReference; fileEncoding = 4; lastKnownFileType = sourcecode.c.h; path = JTNetTool.h; sourceTree = "<group>"; };
		6A392DA61DE2D707005B18EC /* JTNetTool.m */ = {isa = PBXFileReference; fileEncoding = 4; lastKnownFileType = sourcecode.c.objc; path = JTNetTool.m; sourceTree = "<group>"; };
		6A392DA81DE2EC73005B18EC /* JTViewModels.h */ = {isa = PBXFileReference; fileEncoding = 4; lastKnownFileType = sourcecode.c.h; path = JTViewModels.h; sourceTree = "<group>"; };
		6A392DA91DE2EC73005B18EC /* JTViewModels.m */ = {isa = PBXFileReference; fileEncoding = 4; lastKnownFileType = sourcecode.c.objc; path = JTViewModels.m; sourceTree = "<group>"; };
		6A392DAB1DE2EE75005B18EC /* NSString+Md5.h */ = {isa = PBXFileReference; fileEncoding = 4; lastKnownFileType = sourcecode.c.h; path = "NSString+Md5.h"; sourceTree = "<group>"; };
		6A392DAC1DE2EE75005B18EC /* NSString+Md5.m */ = {isa = PBXFileReference; fileEncoding = 4; lastKnownFileType = sourcecode.c.objc; path = "NSString+Md5.m"; sourceTree = "<group>"; };
		6A392DAD1DE2EE75005B18EC /* NSString+TimeStamp.h */ = {isa = PBXFileReference; fileEncoding = 4; lastKnownFileType = sourcecode.c.h; path = "NSString+TimeStamp.h"; sourceTree = "<group>"; };
		6A392DAE1DE2EE75005B18EC /* NSString+TimeStamp.m */ = {isa = PBXFileReference; fileEncoding = 4; lastKnownFileType = sourcecode.c.objc; path = "NSString+TimeStamp.m"; sourceTree = "<group>"; };
		6A392DAF1DE2EE75005B18EC /* UIView+Size.h */ = {isa = PBXFileReference; fileEncoding = 4; lastKnownFileType = sourcecode.c.h; path = "UIView+Size.h"; sourceTree = "<group>"; };
		6A392DB01DE2EE75005B18EC /* UIView+Size.m */ = {isa = PBXFileReference; fileEncoding = 4; lastKnownFileType = sourcecode.c.objc; path = "UIView+Size.m"; sourceTree = "<group>"; };
		6A392DB41DE2EF40005B18EC /* JTDBManager.h */ = {isa = PBXFileReference; fileEncoding = 4; lastKnownFileType = sourcecode.c.h; path = JTDBManager.h; sourceTree = "<group>"; };
		6A392DB51DE2EF40005B18EC /* JTDBManager.m */ = {isa = PBXFileReference; fileEncoding = 4; lastKnownFileType = sourcecode.c.objc; path = JTDBManager.m; sourceTree = "<group>"; };
		88980E930CB83B6977C741E2 /* Pods-JTConstructForIOS.debug.xcconfig */ = {isa = PBXFileReference; includeInIndex = 1; lastKnownFileType = text.xcconfig; name = "Pods-JTConstructForIOS.debug.xcconfig"; path = "Pods/Target Support Files/Pods-JTConstructForIOS/Pods-JTConstructForIOS.debug.xcconfig"; sourceTree = "<group>"; };
		BCCBF0585C5190ACA0C9200D /* libPods-JTConstructForIOS.a */ = {isa = PBXFileReference; explicitFileType = archive.ar; includeInIndex = 0; path = "libPods-JTConstructForIOS.a"; sourceTree = BUILT_PRODUCTS_DIR; };
		D8610AB8DF83003A4600E331 /* Pods-JTConstructForIOS.release.xcconfig */ = {isa = PBXFileReference; includeInIndex = 1; lastKnownFileType = text.xcconfig; name = "Pods-JTConstructForIOS.release.xcconfig"; path = "Pods/Target Support Files/Pods-JTConstructForIOS/Pods-JTConstructForIOS.release.xcconfig"; sourceTree = "<group>"; };
/* End PBXFileReference section */

/* Begin PBXFrameworksBuildPhase section */
		6A392D461DE2C3B7005B18EC /* Frameworks */ = {
			isa = PBXFrameworksBuildPhase;
			buildActionMask = 2147483647;
			files = (
				079C92601C3758D3751D4F7D /* libPods-JTConstructForIOS.a in Frameworks */,
			);
			runOnlyForDeploymentPostprocessing = 0;
		};
		6A392D5F1DE2C3B7005B18EC /* Frameworks */ = {
			isa = PBXFrameworksBuildPhase;
			buildActionMask = 2147483647;
			files = (
			);
			runOnlyForDeploymentPostprocessing = 0;
		};
		6A392D6A1DE2C3B7005B18EC /* Frameworks */ = {
			isa = PBXFrameworksBuildPhase;
			buildActionMask = 2147483647;
			files = (
			);
			runOnlyForDeploymentPostprocessing = 0;
		};
/* End PBXFrameworksBuildPhase section */

/* Begin PBXGroup section */
		3678375AA39D7ED981FF29A5 /* Frameworks */ = {
			isa = PBXGroup;
			children = (
				BCCBF0585C5190ACA0C9200D /* libPods-JTConstructForIOS.a */,
			);
			name = Frameworks;
			sourceTree = "<group>";
		};
		6A392D401DE2C3B7005B18EC = {
			isa = PBXGroup;
			children = (
				6A392D4B1DE2C3B7005B18EC /* JTConstructForIOS */,
				6A392D651DE2C3B7005B18EC /* JTConstructForIOSTests */,
				6A392D701DE2C3B7005B18EC /* JTConstructForIOSUITests */,
				6A392D4A1DE2C3B7005B18EC /* Products */,
				F57ADD911DD91D0FC35E823E /* Pods */,
				3678375AA39D7ED981FF29A5 /* Frameworks */,
			);
			sourceTree = "<group>";
		};
		6A392D4A1DE2C3B7005B18EC /* Products */ = {
			isa = PBXGroup;
			children = (
				6A392D491DE2C3B7005B18EC /* JTConstructForIOS.app */,
				6A392D621DE2C3B7005B18EC /* JTConstructForIOSTests.xctest */,
				6A392D6D1DE2C3B7005B18EC /* JTConstructForIOSUITests.xctest */,
			);
			name = Products;
			sourceTree = "<group>";
		};
		6A392D4B1DE2C3B7005B18EC /* JTConstructForIOS */ = {
			isa = PBXGroup;
			children = (
				6A392D4F1DE2C3B7005B18EC /* AppDelegate.h */,
				6A392D501DE2C3B7005B18EC /* AppDelegate.m */,
				6A392D871DE2C506005B18EC /* Config(配置) */,
				6A392D7F1DE2C47D005B18EC /* Category(类扩展) */,
				6A392D891DE2C767005B18EC /* DataManager(处理数据) */,
				6A392D811DE2C47D005B18EC /* Models(模型) */,
				6A392D821DE2C47D005B18EC /* Tool(工具类) */,
				6A392D831DE2C47D005B18EC /* Vender(第三方库) */,
				6A392D841DE2C47D005B18EC /* ViewControllers(控制器) */,
				6A392D851DE2C47D005B18EC /* ViewModels(处理逻辑) */,
				6A392D861DE2C47D005B18EC /* Views(界面) */,
				6A392D551DE2C3B7005B18EC /* Main.storyboard */,
				6A392D581DE2C3B7005B18EC /* Assets.xcassets */,
				6A392D5A1DE2C3B7005B18EC /* LaunchScreen.storyboard */,
				6A392D5D1DE2C3B7005B18EC /* Info.plist */,
				6A392D4C1DE2C3B7005B18EC /* Supporting Files */,
			);
			path = JTConstructForIOS;
			sourceTree = "<group>";
		};
		6A392D4C1DE2C3B7005B18EC /* Supporting Files */ = {
			isa = PBXGroup;
			children = (
				6A392D4D1DE2C3B7005B18EC /* main.m */,
			);
			name = "Supporting Files";
			sourceTree = "<group>";
		};
		6A392D651DE2C3B7005B18EC /* JTConstructForIOSTests */ = {
			isa = PBXGroup;
			children = (
				6A392D661DE2C3B7005B18EC /* JTConstructForIOSTests.m */,
				6A392D681DE2C3B7005B18EC /* Info.plist */,
			);
			path = JTConstructForIOSTests;
			sourceTree = "<group>";
		};
		6A392D701DE2C3B7005B18EC /* JTConstructForIOSUITests */ = {
			isa = PBXGroup;
			children = (
				6A392D711DE2C3B7005B18EC /* JTConstructForIOSUITests.m */,
				6A392D731DE2C3B7005B18EC /* Info.plist */,
			);
			path = JTConstructForIOSUITests;
			sourceTree = "<group>";
		};
		6A392D7F1DE2C47D005B18EC /* Category(类扩展) */ = {
			isa = PBXGroup;
			children = (
				6A392DAB1DE2EE75005B18EC /* NSString+Md5.h */,
				6A392DAC1DE2EE75005B18EC /* NSString+Md5.m */,
				6A392DAD1DE2EE75005B18EC /* NSString+TimeStamp.h */,
				6A392DAE1DE2EE75005B18EC /* NSString+TimeStamp.m */,
				6A392DAF1DE2EE75005B18EC /* UIView+Size.h */,
				6A392DB01DE2EE75005B18EC /* UIView+Size.m */,
			);
			path = "Category(类扩展)";
			sourceTree = "<group>";
		};
		6A392D811DE2C47D005B18EC /* Models(模型) */ = {
			isa = PBXGroup;
			children = (
			);
			path = "Models(模型)";
			sourceTree = "<group>";
		};
		6A392D821DE2C47D005B18EC /* Tool(工具类) */ = {
			isa = PBXGroup;
			children = (
			);
			path = "Tool(工具类)";
			sourceTree = "<group>";
		};
		6A392D831DE2C47D005B18EC /* Vender(第三方库) */ = {
			isa = PBXGroup;
			children = (
			);
			path = "Vender(第三方库)";
			sourceTree = "<group>";
		};
		6A392D841DE2C47D005B18EC /* ViewControllers(控制器) */ = {
			isa = PBXGroup;
			children = (
				6A392D981DE2CB97005B18EC /* TabBar\Nav */,
				6A392D931DE2CB51005B18EC /* 父控制器 */,
			);
			path = "ViewControllers(控制器)";
			sourceTree = "<group>";
		};
		6A392D851DE2C47D005B18EC /* ViewModels(处理逻辑) */ = {
			isa = PBXGroup;
			children = (
				6A392DA81DE2EC73005B18EC /* JTViewModels.h */,
				6A392DA91DE2EC73005B18EC /* JTViewModels.m */,
			);
			path = "ViewModels(处理逻辑)";
			sourceTree = "<group>";
		};
		6A392D861DE2C47D005B18EC /* Views(界面) */ = {
			isa = PBXGroup;
			children = (
			);
			path = "Views(界面)";
			sourceTree = "<group>";
		};
		6A392D871DE2C506005B18EC /* Config(配置) */ = {
			isa = PBXGroup;
			children = (
				6A392D881DE2C51A005B18EC /* PrefixHeader.pch */,
				6A392D8C1DE2CA4A005B18EC /* configuration.h */,
			);
			path = "Config(配置)";
			sourceTree = "<group>";
		};
		6A392D891DE2C767005B18EC /* DataManager(处理数据) */ = {
			isa = PBXGroup;
			children = (
				6A392D8A1DE2C7AC005B18EC /* Database(数据库) */,
				6A392D8B1DE2C7AC005B18EC /* NetTool(网络数据) */,
			);
			path = "DataManager(处理数据)";
			sourceTree = "<group>";
		};
		6A392D8A1DE2C7AC005B18EC /* Database(数据库) */ = {
			isa = PBXGroup;
			children = (
				6A392DB41DE2EF40005B18EC /* JTDBManager.h */,
				6A392DB51DE2EF40005B18EC /* JTDBManager.m */,
			);
			path = "Database(数据库)";
			sourceTree = "<group>";
		};
		6A392D8B1DE2C7AC005B18EC /* NetTool(网络数据) */ = {
			isa = PBXGroup;
			children = (
				6A392DA51DE2D707005B18EC /* JTNetTool.h */,
				6A392DA61DE2D707005B18EC /* JTNetTool.m */,
			);
			path = "NetTool(网络数据)";
			sourceTree = "<group>";
		};
		6A392D931DE2CB51005B18EC /* 父控制器 */ = {
			isa = PBXGroup;
			children = (
				6A392D941DE2CB51005B18EC /* JTParsentViewController.h */,
				6A392D951DE2CB51005B18EC /* JTParsentViewController.m */,
			);
			path = "父控制器";
			sourceTree = "<group>";
		};
		6A392D981DE2CB97005B18EC /* TabBar\Nav */ = {
			isa = PBXGroup;
			children = (
				6A392D991DE2CBB4005B18EC /* JTNavigationController.h */,
				6A392D9A1DE2CBB4005B18EC /* JTNavigationController.m */,
				6A392D9C1DE2CBCC005B18EC /* JTTabBarController.h */,
				6A392D9D1DE2CBCC005B18EC /* JTTabBarController.m */,
				6A392D9F1DE2CFC8005B18EC /* JTTabBar.h */,
				6A392DA01DE2CFC8005B18EC /* JTTabBar.m */,
			);
			path = "TabBar\\Nav";
			sourceTree = "<group>";
		};
		F57ADD911DD91D0FC35E823E /* Pods */ = {
			isa = PBXGroup;
			children = (
				88980E930CB83B6977C741E2 /* Pods-JTConstructForIOS.debug.xcconfig */,
				D8610AB8DF83003A4600E331 /* Pods-JTConstructForIOS.release.xcconfig */,
			);
			name = Pods;
			sourceTree = "<group>";
		};
/* End PBXGroup section */

/* Begin PBXNativeTarget section */
		6A392D481DE2C3B7005B18EC /* JTConstructForIOS */ = {
			isa = PBXNativeTarget;
			buildConfigurationList = 6A392D761DE2C3B7005B18EC /* Build configuration list for PBXNativeTarget "JTConstructForIOS" */;
			buildPhases = (
				3C901AC30C49DE743BCA3C4A /* [CP] Check Pods Manifest.lock */,
				6A392D451DE2C3B7005B18EC /* Sources */,
				6A392D461DE2C3B7005B18EC /* Frameworks */,
				6A392D471DE2C3B7005B18EC /* Resources */,
				C7817B023329455B0B82142D /* [CP] Embed Pods Frameworks */,
				F5E2DD2A25B4DCCA57D48CFE /* [CP] Copy Pods Resources */,
			);
			buildRules = (
			);
			dependencies = (
			);
			name = JTConstructForIOS;
			productName = JTConstructForIOS;
			productReference = 6A392D491DE2C3B7005B18EC /* JTConstructForIOS.app */;
			productType = "com.apple.product-type.application";
		};
		6A392D611DE2C3B7005B18EC /* JTConstructForIOSTests */ = {
			isa = PBXNativeTarget;
			buildConfigurationList = 6A392D791DE2C3B7005B18EC /* Build configuration list for PBXNativeTarget "JTConstructForIOSTests" */;
			buildPhases = (
				6A392D5E1DE2C3B7005B18EC /* Sources */,
				6A392D5F1DE2C3B7005B18EC /* Frameworks */,
				6A392D601DE2C3B7005B18EC /* Resources */,
			);
			buildRules = (
			);
			dependencies = (
				6A392D641DE2C3B7005B18EC /* PBXTargetDependency */,
			);
			name = JTConstructForIOSTests;
			productName = JTConstructForIOSTests;
			productReference = 6A392D621DE2C3B7005B18EC /* JTConstructForIOSTests.xctest */;
			productType = "com.apple.product-type.bundle.unit-test";
		};
		6A392D6C1DE2C3B7005B18EC /* JTConstructForIOSUITests */ = {
			isa = PBXNativeTarget;
			buildConfigurationList = 6A392D7C1DE2C3B7005B18EC /* Build configuration list for PBXNativeTarget "JTConstructForIOSUITests" */;
			buildPhases = (
				6A392D691DE2C3B7005B18EC /* Sources */,
				6A392D6A1DE2C3B7005B18EC /* Frameworks */,
				6A392D6B1DE2C3B7005B18EC /* Resources */,
			);
			buildRules = (
			);
			dependencies = (
				6A392D6F1DE2C3B7005B18EC /* PBXTargetDependency */,
			);
			name = JTConstructForIOSUITests;
			productName = JTConstructForIOSUITests;
			productReference = 6A392D6D1DE2C3B7005B18EC /* JTConstructForIOSUITests.xctest */;
			productType = "com.apple.product-type.bundle.ui-testing";
		};
/* End PBXNativeTarget section */

/* Begin PBXProject section */
		6A392D411DE2C3B7005B18EC /* Project object */ = {
			isa = PBXProject;
			attributes = {
				LastUpgradeCheck = 0800;
				ORGANIZATIONNAME = ShenZhenHermallUnion.Ltd;
				TargetAttributes = {
					6A392D481DE2C3B7005B18EC = {
						CreatedOnToolsVersion = 8.0;
						DevelopmentTeam = G9C4QYLN3L;
						ProvisioningStyle = Automatic;
					};
					6A392D611DE2C3B7005B18EC = {
						CreatedOnToolsVersion = 8.0;
						DevelopmentTeam = G9C4QYLN3L;
						ProvisioningStyle = Automatic;
						TestTargetID = 6A392D481DE2C3B7005B18EC;
					};
					6A392D6C1DE2C3B7005B18EC = {
						CreatedOnToolsVersion = 8.0;
						DevelopmentTeam = G9C4QYLN3L;
						ProvisioningStyle = Automatic;
						TestTargetID = 6A392D481DE2C3B7005B18EC;
					};
				};
			};
			buildConfigurationList = 6A392D441DE2C3B7005B18EC /* Build configuration list for PBXProject "JTConstructForIOS" */;
			compatibilityVersion = "Xcode 3.2";
			developmentRegion = English;
			hasScannedForEncodings = 0;
			knownRegions = (
				en,
				Base,
			);
			mainGroup = 6A392D401DE2C3B7005B18EC;
			productRefGroup = 6A392D4A1DE2C3B7005B18EC /* Products */;
			projectDirPath = "";
			projectRoot = "";
			targets = (
				6A392D481DE2C3B7005B18EC /* JTConstructForIOS */,
				6A392D611DE2C3B7005B18EC /* JTConstructForIOSTests */,
				6A392D6C1DE2C3B7005B18EC /* JTConstructForIOSUITests */,
			);
		};
/* End PBXProject section */

/* Begin PBXResourcesBuildPhase section */
		6A392D471DE2C3B7005B18EC /* Resources */ = {
			isa = PBXResourcesBuildPhase;
			buildActionMask = 2147483647;
			files = (
				6A392D5C1DE2C3B7005B18EC /* LaunchScreen.storyboard in Resources */,
				6A392D591DE2C3B7005B18EC /* Assets.xcassets in Resources */,
				6A392D571DE2C3B7005B18EC /* Main.storyboard in Resources */,
			);
			runOnlyForDeploymentPostprocessing = 0;
		};
		6A392D601DE2C3B7005B18EC /* Resources */ = {
			isa = PBXResourcesBuildPhase;
			buildActionMask = 2147483647;
			files = (
			);
			runOnlyForDeploymentPostprocessing = 0;
		};
		6A392D6B1DE2C3B7005B18EC /* Resources */ = {
			isa = PBXResourcesBuildPhase;
			buildActionMask = 2147483647;
			files = (
			);
			runOnlyForDeploymentPostprocessing = 0;
		};
/* End PBXResourcesBuildPhase section */

/* Begin PBXShellScriptBuildPhase section */
		3C901AC30C49DE743BCA3C4A /* [CP] Check Pods Manifest.lock */ = {
			isa = PBXShellScriptBuildPhase;
			buildActionMask = 2147483647;
			files = (
			);
			inputPaths = (
			);
			name = "[CP] Check Pods Manifest.lock";
			outputPaths = (
			);
			runOnlyForDeploymentPostprocessing = 0;
			shellPath = /bin/sh;
			shellScript = "diff \"${PODS_ROOT}/../Podfile.lock\" \"${PODS_ROOT}/Manifest.lock\" > /dev/null\nif [[ $? != 0 ]] ; then\n    cat << EOM\nerror: The sandbox is not in sync with the Podfile.lock. Run 'pod install' or update your CocoaPods installation.\nEOM\n    exit 1\nfi\n";
			showEnvVarsInLog = 0;
		};
		C7817B023329455B0B82142D /* [CP] Embed Pods Frameworks */ = {
			isa = PBXShellScriptBuildPhase;
			buildActionMask = 2147483647;
			files = (
			);
			inputPaths = (
			);
			name = "[CP] Embed Pods Frameworks";
			outputPaths = (
			);
			runOnlyForDeploymentPostprocessing = 0;
			shellPath = /bin/sh;
			shellScript = "\"${SRCROOT}/Pods/Target Support Files/Pods-JTConstructForIOS/Pods-JTConstructForIOS-frameworks.sh\"\n";
			showEnvVarsInLog = 0;
		};
		F5E2DD2A25B4DCCA57D48CFE /* [CP] Copy Pods Resources */ = {
			isa = PBXShellScriptBuildPhase;
			buildActionMask = 2147483647;
			files = (
			);
			inputPaths = (
			);
			name = "[CP] Copy Pods Resources";
			outputPaths = (
			);
			runOnlyForDeploymentPostprocessing = 0;
			shellPath = /bin/sh;
			shellScript = "\"${SRCROOT}/Pods/Target Support Files/Pods-JTConstructForIOS/Pods-JTConstructForIOS-resources.sh\"\n";
			showEnvVarsInLog = 0;
		};
/* End PBXShellScriptBuildPhase section */

/* Begin PBXSourcesBuildPhase section */
		6A392D451DE2C3B7005B18EC /* Sources */ = {
			isa = PBXSourcesBuildPhase;
			buildActionMask = 2147483647;
			files = (
				6A392DA71DE2D707005B18EC /* JTNetTool.m in Sources */,
				6A392D961DE2CB51005B18EC /* JTParsentViewController.m in Sources */,
				6A392D9B1DE2CBB4005B18EC /* JTNavigationController.m in Sources */,
				6A392DB61DE2EF40005B18EC /* JTDBManager.m in Sources */,
				6A392D9E1DE2CBCC005B18EC /* JTTabBarController.m in Sources */,
				6A392DB21DE2EE75005B18EC /* NSString+TimeStamp.m in Sources */,
				6A392DAA1DE2EC73005B18EC /* JTViewModels.m in Sources */,
				6A392DB11DE2EE75005B18EC /* NSString+Md5.m in Sources */,
				6A392D511DE2C3B7005B18EC /* AppDelegate.m in Sources */,
				6A392D4E1DE2C3B7005B18EC /* main.m in Sources */,
				6A392DB31DE2EE75005B18EC /* UIView+Size.m in Sources */,
				6A392DA11DE2CFC8005B18EC /* JTTabBar.m in Sources */,
			);
			runOnlyForDeploymentPostprocessing = 0;
		};
		6A392D5E1DE2C3B7005B18EC /* Sources */ = {
			isa = PBXSourcesBuildPhase;
			buildActionMask = 2147483647;
			files = (
				6A392D671DE2C3B7005B18EC /* JTConstructForIOSTests.m in Sources */,
			);
			runOnlyForDeploymentPostprocessing = 0;
		};
		6A392D691DE2C3B7005B18EC /* Sources */ = {
			isa = PBXSourcesBuildPhase;
			buildActionMask = 2147483647;
			files = (
				6A392D721DE2C3B7005B18EC /* JTConstructForIOSUITests.m in Sources */,
			);
			runOnlyForDeploymentPostprocessing = 0;
		};
/* End PBXSourcesBuildPhase section */

/* Begin PBXTargetDependency section */
		6A392D641DE2C3B7005B18EC /* PBXTargetDependency */ = {
			isa = PBXTargetDependency;
			target = 6A392D481DE2C3B7005B18EC /* JTConstructForIOS */;
			targetProxy = 6A392D631DE2C3B7005B18EC /* PBXContainerItemProxy */;
		};
		6A392D6F1DE2C3B7005B18EC /* PBXTargetDependency */ = {
			isa = PBXTargetDependency;
			target = 6A392D481DE2C3B7005B18EC /* JTConstructForIOS */;
			targetProxy = 6A392D6E1DE2C3B7005B18EC /* PBXContainerItemProxy */;
		};
/* End PBXTargetDependency section */

/* Begin PBXVariantGroup section */
		6A392D551DE2C3B7005B18EC /* Main.storyboard */ = {
			isa = PBXVariantGroup;
			children = (
				6A392D561DE2C3B7005B18EC /* Base */,
			);
			name = Main.storyboard;
			sourceTree = "<group>";
		};
		6A392D5A1DE2C3B7005B18EC /* LaunchScreen.storyboard */ = {
			isa = PBXVariantGroup;
			children = (
				6A392D5B1DE2C3B7005B18EC /* Base */,
			);
			name = LaunchScreen.storyboard;
			sourceTree = "<group>";
		};
/* End PBXVariantGroup section */

/* Begin XCBuildConfiguration section */
		6A392D741DE2C3B7005B18EC /* Debug */ = {
			isa = XCBuildConfiguration;
			buildSettings = {
				ALWAYS_SEARCH_USER_PATHS = NO;
				CLANG_ANALYZER_NONNULL = YES;
				CLANG_CXX_LANGUAGE_STANDARD = "gnu++0x";
				CLANG_CXX_LIBRARY = "libc++";
				CLANG_ENABLE_MODULES = YES;
				CLANG_ENABLE_OBJC_ARC = YES;
				CLANG_WARN_BOOL_CONVERSION = YES;
				CLANG_WARN_CONSTANT_CONVERSION = YES;
				CLANG_WARN_DIRECT_OBJC_ISA_USAGE = YES_ERROR;
				CLANG_WARN_DOCUMENTATION_COMMENTS = YES;
				CLANG_WARN_EMPTY_BODY = YES;
				CLANG_WARN_ENUM_CONVERSION = YES;
				CLANG_WARN_INFINITE_RECURSION = YES;
				CLANG_WARN_INT_CONVERSION = YES;
				CLANG_WARN_OBJC_ROOT_CLASS = YES_ERROR;
				CLANG_WARN_SUSPICIOUS_MOVE = YES;
				CLANG_WARN_SUSPICIOUS_MOVES = YES;
				CLANG_WARN_UNREACHABLE_CODE = YES;
				CLANG_WARN__DUPLICATE_METHOD_MATCH = YES;
				"CODE_SIGN_IDENTITY[sdk=iphoneos*]" = "iPhone Developer";
				COPY_PHASE_STRIP = NO;
				DEBUG_INFORMATION_FORMAT = dwarf;
				ENABLE_STRICT_OBJC_MSGSEND = YES;
				ENABLE_TESTABILITY = YES;
				GCC_C_LANGUAGE_STANDARD = gnu99;
				GCC_DYNAMIC_NO_PIC = NO;
				GCC_NO_COMMON_BLOCKS = YES;
				GCC_OPTIMIZATION_LEVEL = 0;
				GCC_PREPROCESSOR_DEFINITIONS = (
					"DEBUG=1",
					"$(inherited)",
				);
				GCC_WARN_64_TO_32_BIT_CONVERSION = YES;
				GCC_WARN_ABOUT_RETURN_TYPE = YES_ERROR;
				GCC_WARN_UNDECLARED_SELECTOR = YES;
				GCC_WARN_UNINITIALIZED_AUTOS = YES_AGGRESSIVE;
				GCC_WARN_UNUSED_FUNCTION = YES;
				GCC_WARN_UNUSED_VARIABLE = YES;
				IPHONEOS_DEPLOYMENT_TARGET = 10.0;
				MTL_ENABLE_DEBUG_INFO = YES;
				ONLY_ACTIVE_ARCH = YES;
				SDKROOT = iphoneos;
			};
			name = Debug;
		};
		6A392D751DE2C3B7005B18EC /* Release */ = {
			isa = XCBuildConfiguration;
			buildSettings = {
				ALWAYS_SEARCH_USER_PATHS = NO;
				CLANG_ANALYZER_NONNULL = YES;
				CLANG_CXX_LANGUAGE_STANDARD = "gnu++0x";
				CLANG_CXX_LIBRARY = "libc++";
				CLANG_ENABLE_MODULES = YES;
				CLANG_ENABLE_OBJC_ARC = YES;
				CLANG_WARN_BOOL_CONVERSION = YES;
				CLANG_WARN_CONSTANT_CONVERSION = YES;
				CLANG_WARN_DIRECT_OBJC_ISA_USAGE = YES_ERROR;
				CLANG_WARN_DOCUMENTATION_COMMENTS = YES;
				CLANG_WARN_EMPTY_BODY = YES;
				CLANG_WARN_ENUM_CONVERSION = YES;
				CLANG_WARN_INFINITE_RECURSION = YES;
				CLANG_WARN_INT_CONVERSION = YES;
				CLANG_WARN_OBJC_ROOT_CLASS = YES_ERROR;
				CLANG_WARN_SUSPICIOUS_MOVE = YES;
				CLANG_WARN_SUSPICIOUS_MOVES = YES;
				CLANG_WARN_UNREACHABLE_CODE = YES;
				CLANG_WARN__DUPLICATE_METHOD_MATCH = YES;
				"CODE_SIGN_IDENTITY[sdk=iphoneos*]" = "iPhone Developer";
				COPY_PHASE_STRIP = NO;
				DEBUG_INFORMATION_FORMAT = "dwarf-with-dsym";
				ENABLE_NS_ASSERTIONS = NO;
				ENABLE_STRICT_OBJC_MSGSEND = YES;
				GCC_C_LANGUAGE_STANDARD = gnu99;
				GCC_NO_COMMON_BLOCKS = YES;
				GCC_WARN_64_TO_32_BIT_CONVERSION = YES;
				GCC_WARN_ABOUT_RETURN_TYPE = YES_ERROR;
				GCC_WARN_UNDECLARED_SELECTOR = YES;
				GCC_WARN_UNINITIALIZED_AUTOS = YES_AGGRESSIVE;
				GCC_WARN_UNUSED_FUNCTION = YES;
				GCC_WARN_UNUSED_VARIABLE = YES;
				IPHONEOS_DEPLOYMENT_TARGET = 10.0;
				MTL_ENABLE_DEBUG_INFO = NO;
				SDKROOT = iphoneos;
				VALIDATE_PRODUCT = YES;
			};
			name = Release;
		};
		6A392D771DE2C3B7005B18EC /* Debug */ = {
			isa = XCBuildConfiguration;
			baseConfigurationReference = 88980E930CB83B6977C741E2 /* Pods-JTConstructForIOS.debug.xcconfig */;
			buildSettings = {
				ASSETCATALOG_COMPILER_APPICON_NAME = AppIcon;
				DEVELOPMENT_TEAM = G9C4QYLN3L;
				GCC_PREFIX_HEADER = "$(SRCROOT)/JTConstructForIOS/Config(配置)/PrefixHeader.pch";
				INFOPLIST_FILE = JTConstructForIOS/Info.plist;
				LD_RUNPATH_SEARCH_PATHS = "$(inherited) @executable_path/Frameworks";
				PRODUCT_BUNDLE_IDENTIFIER = com.jt.JTConstructForIOS;
				PRODUCT_NAME = "$(TARGET_NAME)";
			};
			name = Debug;
		};
		6A392D781DE2C3B7005B18EC /* Release */ = {
			isa = XCBuildConfiguration;
			baseConfigurationReference = D8610AB8DF83003A4600E331 /* Pods-JTConstructForIOS.release.xcconfig */;
			buildSettings = {
				ASSETCATALOG_COMPILER_APPICON_NAME = AppIcon;
				DEVELOPMENT_TEAM = G9C4QYLN3L;
				GCC_PREFIX_HEADER = "$(SRCROOT)/JTConstructForIOS/Config(配置)/PrefixHeader.pch";
				INFOPLIST_FILE = JTConstructForIOS/Info.plist;
				LD_RUNPATH_SEARCH_PATHS = "$(inherited) @executable_path/Frameworks";
				PRODUCT_BUNDLE_IDENTIFIER = com.jt.JTConstructForIOS;
				PRODUCT_NAME = "$(TARGET_NAME)";
			};
			name = Release;
		};
		6A392D7A1DE2C3B7005B18EC /* Debug */ = {
			isa = XCBuildConfiguration;
			buildSettings = {
				BUNDLE_LOADER = "$(TEST_HOST)";
				DEVELOPMENT_TEAM = G9C4QYLN3L;
				INFOPLIST_FILE = JTConstructForIOSTests/Info.plist;
				LD_RUNPATH_SEARCH_PATHS = "$(inherited) @executable_path/Frameworks @loader_path/Frameworks";
				PRODUCT_BUNDLE_IDENTIFIER = com.jt.JTConstructForIOSTests;
				PRODUCT_NAME = "$(TARGET_NAME)";
				TEST_HOST = "$(BUILT_PRODUCTS_DIR)/JTConstructForIOS.app/JTConstructForIOS";
			};
			name = Debug;
		};
		6A392D7B1DE2C3B7005B18EC /* Release */ = {
			isa = XCBuildConfiguration;
			buildSettings = {
				BUNDLE_LOADER = "$(TEST_HOST)";
				DEVELOPMENT_TEAM = G9C4QYLN3L;
				INFOPLIST_FILE = JTConstructForIOSTests/Info.plist;
				LD_RUNPATH_SEARCH_PATHS = "$(inherited) @executable_path/Frameworks @loader_path/Frameworks";
				PRODUCT_BUNDLE_IDENTIFIER = com.jt.JTConstructForIOSTests;
				PRODUCT_NAME = "$(TARGET_NAME)";
				TEST_HOST = "$(BUILT_PRODUCTS_DIR)/JTConstructForIOS.app/JTConstructForIOS";
			};
			name = Release;
		};
		6A392D7D1DE2C3B7005B18EC /* Debug */ = {
			isa = XCBuildConfiguration;
			buildSettings = {
				DEVELOPMENT_TEAM = G9C4QYLN3L;
				INFOPLIST_FILE = JTConstructForIOSUITests/Info.plist;
				LD_RUNPATH_SEARCH_PATHS = "$(inherited) @executable_path/Frameworks @loader_path/Frameworks";
				PRODUCT_BUNDLE_IDENTIFIER = com.jt.JTConstructForIOSUITests;
				PRODUCT_NAME = "$(TARGET_NAME)";
				TEST_TARGET_NAME = JTConstructForIOS;
			};
			name = Debug;
		};
		6A392D7E1DE2C3B7005B18EC /* Release */ = {
			isa = XCBuildConfiguration;
			buildSettings = {
				DEVELOPMENT_TEAM = G9C4QYLN3L;
				INFOPLIST_FILE = JTConstructForIOSUITests/Info.plist;
				LD_RUNPATH_SEARCH_PATHS = "$(inherited) @executable_path/Frameworks @loader_path/Frameworks";
				PRODUCT_BUNDLE_IDENTIFIER = com.jt.JTConstructForIOSUITests;
				PRODUCT_NAME = "$(TARGET_NAME)";
				TEST_TARGET_NAME = JTConstructForIOS;
			};
			name = Release;
		};
/* End XCBuildConfiguration section */

/* Begin XCConfigurationList section */
		6A392D441DE2C3B7005B18EC /* Build configuration list for PBXProject "JTConstructForIOS" */ = {
			isa = XCConfigurationList;
			buildConfigurations = (
				6A392D741DE2C3B7005B18EC /* Debug */,
				6A392D751DE2C3B7005B18EC /* Release */,
			);
			defaultConfigurationIsVisible = 0;
			defaultConfigurationName = Release;
		};
		6A392D761DE2C3B7005B18EC /* Build configuration list for PBXNativeTarget "JTConstructForIOS" */ = {
			isa = XCConfigurationList;
			buildConfigurations = (
				6A392D771DE2C3B7005B18EC /* Debug */,
				6A392D781DE2C3B7005B18EC /* Release */,
			);
			defaultConfigurationIsVisible = 0;
			defaultConfigurationName = Release;
		};
		6A392D791DE2C3B7005B18EC /* Build configuration list for PBXNativeTarget "JTConstructForIOSTests" */ = {
			isa = XCConfigurationList;
			buildConfigurations = (
				6A392D7A1DE2C3B7005B18EC /* Debug */,
				6A392D7B1DE2C3B7005B18EC /* Release */,
			);
			defaultConfigurationIsVisible = 0;
			defaultConfigurationName = Release;
		};
		6A392D7C1DE2C3B7005B18EC /* Build configuration list for PBXNativeTarget "JTConstructForIOSUITests" */ = {
			isa = XCConfigurationList;
			buildConfigurations = (
				6A392D7D1DE2C3B7005B18EC /* Debug */,
				6A392D7E1DE2C3B7005B18EC /* Release */,
			);
			defaultConfigurationIsVisible = 0;
			defaultConfigurationName = Release;
		};
/* End XCConfigurationList section */
	};
	rootObject = 6A392D411DE2C3B7005B18EC /* Project object */;
}
